# This file is automatically @generated by Cargo.
# It is not intended for manual editing.
version = 3

[[package]]
name = "cc"
version = "1.0.73"
source = "registry+https://github.com/rust-lang/crates.io-index"
checksum = "2fff2a6927b3bb87f9595d67196a70493f627687a71d87a0d692242c33f58c11"

[[package]]
name = "nc"
version = "0.8.6"
source = "registry+https://github.com/rust-lang/crates.io-index"
checksum = "4530f6553227bd5f129442ea9562393e0eca60d19ccbd697d1f1dd2fab204103"
dependencies = [
 "cc",
]

[[package]]
name = "os_str_bytes"
version = "6.3.0"
source = "registry+https://github.com/rust-lang/crates.io-index"
checksum = "9ff7415e9ae3fff1225851df9e0d9e4e5479f947619774677a63572e55e80eff"

[[package]]
name = "rust-idle"
version = "0.1.1"
dependencies = [
 "nc",
 "os_str_bytes",
]
