# This file is automatically @generated by Cargo.
# It is not intended for manual editing.
version = 3

[[package]]
name = "cc"
version = "1.1.18"
source = "registry+https://github.com/rust-lang/crates.io-index"
checksum = "b62ac837cdb5cb22e10a256099b4fc502b1dfe560cb282963a974d7abd80e476"
dependencies = [
 "shlex",
]

[[package]]
name = "nc"
version = "0.9.3"
source = "registry+https://github.com/rust-lang/crates.io-index"
checksum = "721559b113013cfac8a82e5ea97b4cdd190319b1cf3465b06a630beeecec6da0"
dependencies = [
 "cc",
]

[[package]]
name = "os_str_bytes"
version = "7.0.0"
source = "registry+https://github.com/rust-lang/crates.io-index"
checksum = "7ac44c994af577c799b1b4bd80dc214701e349873ad894d6cdf96f4f7526e0b9"

[[package]]
name = "rust-idle"
version = "0.1.1"
dependencies = [
 "nc",
 "os_str_bytes",
]

[[package]]
name = "shlex"
version = "1.3.0"
source = "registry+https://github.com/rust-lang/crates.io-index"
checksum = "0fda2ff0d084019ba4d7c6f371c95d8fd75ce3524c3cb8fb653a3023f6323e64"
